
Microsoft Visual Studio Solution File, Format Version 12.00
# Visual Studio Version 17
VisualStudioVersion = 17.5.002.0
MinimumVisualStudioVersion = 10.0.40219.1
Project("{9A19103F-16F7-4668-BE54-9A1E7A4F7556}") = "C#", "C#\C#.csproj", "{3D6A4F96-9701-48A5-8C4A-FE5ADA349898}"
EndProject
Global
	GlobalSection(SolutionConfigurationPlatforms) = preSolution
		Debug|Any CPU = Debug|Any CPU
		Release|Any CPU = Release|Any CPU
	EndGlobalSection
	GlobalSection(ProjectConfigurationPlatforms) = postSolution
		{3D6A4F96-9701-48A5-8C4A-FE5ADA349898}.Debug|Any CPU.ActiveCfg = Debug|Any CPU
		{3D6A4F96-9701-48A5-8C4A-FE5ADA349898}.Debug|Any CPU.Build.0 = Debug|Any CPU
		{3D6A4F96-9701-48A5-8C4A-FE5ADA349898}.Release|Any CPU.ActiveCfg = Release|Any CPU
		{3D6A4F96-9701-48A5-8C4A-FE5ADA349898}.Release|Any CPU.Build.0 = Release|Any CPU
	EndGlobalSection
	GlobalSection(SolutionProperties) = preSolution
		HideSolutionNode = FALSE
	EndGlobalSection
	GlobalSection(ExtensibilityGlobals) = postSolution
		SolutionGuid = {4C2EB46F-8B66-434D-B9F3-F0BC90CE269E}
	EndGlobalSection
EndGlobal
